
Microsoft Visual Studio Solution File, Format Version 12.00
# Visual Studio Version 17
VisualStudioVersion = 17.2.32526.322
MinimumVisualStudioVersion = 10.0.40219.1
Project("{2150E333-8FDC-42A3-9474-1A3956D46DE8}") = "Solution Items", "Solution Items", "{73A01FD9-D7B3-4FB9-A9C3-DE48185CD440}"
	ProjectSection(SolutionItems) = preProject
		.dockerignore = .dockerignore
		.gitignore = .gitignore
		.gitlab-ci.yml = .gitlab-ci.yml
		Dockerfile = Dockerfile
		README.md = README.md
	EndProjectSection
EndProject
Project("{9A19103F-16F7-4668-BE54-9A1E7A4F7556}") = "Volware.Api", "Volware.Api\Volware.Api.csproj", "{30AAD28A-B686-4C2C-A021-EDA3743DDB9F}"
EndProject
Project("{9A19103F-16F7-4668-BE54-9A1E7A4F7556}") = "Volware.Admin", "Volware.Admin\Volware.Admin.csproj", "{39C976E9-12E9-4BD7-89A3-26DF9FAF35CE}"
EndProject
Project("{9A19103F-16F7-4668-BE54-9A1E7A4F7556}") = "Volware.DAL", "Volware.DAL\Volware.DAL.csproj", "{5D6A861C-A1C0-493A-B57C-D3C65FA70C13}"
EndProject
Project("{9A19103F-16F7-4668-BE54-9A1E7A4F7556}") = "Volware.Common", "Volware.Common\Volware.Common.csproj", "{9C3AEB25-DF97-49B8-8322-67344843441D}"
EndProject
Global
	GlobalSection(SolutionConfigurationPlatforms) = preSolution
		Debug|Any CPU = Debug|Any CPU
		Debug|iPhone = Debug|iPhone
		Debug|iPhoneSimulator = Debug|iPhoneSimulator
		Release|Any CPU = Release|Any CPU
		Release|iPhone = Release|iPhone
		Release|iPhoneSimulator = Release|iPhoneSimulator
	EndGlobalSection
	GlobalSection(ProjectConfigurationPlatforms) = postSolution
		{30AAD28A-B686-4C2C-A021-EDA3743DDB9F}.Debug|Any CPU.ActiveCfg = Debug|Any CPU
		{30AAD28A-B686-4C2C-A021-EDA3743DDB9F}.Debug|Any CPU.Build.0 = Debug|Any CPU
		{30AAD28A-B686-4C2C-A021-EDA3743DDB9F}.Debug|iPhone.ActiveCfg = Debug|Any CPU
		{30AAD28A-B686-4C2C-A021-EDA3743DDB9F}.Debug|iPhone.Build.0 = Debug|Any CPU
		{30AAD28A-B686-4C2C-A021-EDA3743DDB9F}.Debug|iPhoneSimulator.ActiveCfg = Debug|Any CPU
		{30AAD28A-B686-4C2C-A021-EDA3743DDB9F}.Debug|iPhoneSimulator.Build.0 = Debug|Any CPU
		{30AAD28A-B686-4C2C-A021-EDA3743DDB9F}.Release|Any CPU.ActiveCfg = Release|Any CPU
		{30AAD28A-B686-4C2C-A021-EDA3743DDB9F}.Release|Any CPU.Build.0 = Release|Any CPU
		{30AAD28A-B686-4C2C-A021-EDA3743DDB9F}.Release|iPhone.ActiveCfg = Release|Any CPU
		{30AAD28A-B686-4C2C-A021-EDA3743DDB9F}.Release|iPhone.Build.0 = Release|Any CPU
		{30AAD28A-B686-4C2C-A021-EDA3743DDB9F}.Release|iPhoneSimulator.ActiveCfg = Release|Any CPU
		{30AAD28A-B686-4C2C-A021-EDA3743DDB9F}.Release|iPhoneSimulator.Build.0 = Release|Any CPU
		{39C976E9-12E9-4BD7-89A3-26DF9FAF35CE}.Debug|Any CPU.ActiveCfg = Debug|Any CPU
		{39C976E9-12E9-4BD7-89A3-26DF9FAF35CE}.Debug|Any CPU.Build.0 = Debug|Any CPU
		{39C976E9-12E9-4BD7-89A3-26DF9FAF35CE}.Debug|iPhone.ActiveCfg = Debug|Any CPU
		{39C976E9-12E9-4BD7-89A3-26DF9FAF35CE}.Debug|iPhone.Build.0 = Debug|Any CPU
		{39C976E9-12E9-4BD7-89A3-26DF9FAF35CE}.Debug|iPhoneSimulator.ActiveCfg = Debug|Any CPU
		{39C976E9-12E9-4BD7-89A3-26DF9FAF35CE}.Debug|iPhoneSimulator.Build.0 = Debug|Any CPU
		{39C976E9-12E9-4BD7-89A3-26DF9FAF35CE}.Release|Any CPU.ActiveCfg = Release|Any CPU
		{39C976E9-12E9-4BD7-89A3-26DF9FAF35CE}.Release|Any CPU.Build.0 = Release|Any CPU
		{39C976E9-12E9-4BD7-89A3-26DF9FAF35CE}.Release|iPhone.ActiveCfg = Release|Any CPU
		{39C976E9-12E9-4BD7-89A3-26DF9FAF35CE}.Release|iPhone.Build.0 = Release|Any CPU
		{39C976E9-12E9-4BD7-89A3-26DF9FAF35CE}.Release|iPhoneSimulator.ActiveCfg = Release|Any CPU
		{39C976E9-12E9-4BD7-89A3-26DF9FAF35CE}.Release|iPhoneSimulator.Build.0 = Release|Any CPU
		{5D6A861C-A1C0-493A-B57C-D3C65FA70C13}.Debug|Any CPU.ActiveCfg = Debug|Any CPU
		{5D6A861C-A1C0-493A-B57C-D3C65FA70C13}.Debug|Any CPU.Build.0 = Debug|Any CPU
		{5D6A861C-A1C0-493A-B57C-D3C65FA70C13}.Debug|iPhone.ActiveCfg = Debug|Any CPU
		{5D6A861C-A1C0-493A-B57C-D3C65FA70C13}.Debug|iPhone.Build.0 = Debug|Any CPU
		{5D6A861C-A1C0-493A-B57C-D3C65FA70C13}.Debug|iPhoneSimulator.ActiveCfg = Debug|Any CPU
		{5D6A861C-A1C0-493A-B57C-D3C65FA70C13}.Debug|iPhoneSimulator.Build.0 = Debug|Any CPU
		{5D6A861C-A1C0-493A-B57C-D3C65FA70C13}.Release|Any CPU.ActiveCfg = Release|Any CPU
		{5D6A861C-A1C0-493A-B57C-D3C65FA70C13}.Release|Any CPU.Build.0 = Release|Any CPU
		{5D6A861C-A1C0-493A-B57C-D3C65FA70C13}.Release|iPhone.ActiveCfg = Release|Any CPU
		{5D6A861C-A1C0-493A-B57C-D3C65FA70C13}.Release|iPhone.Build.0 = Release|Any CPU
		{5D6A861C-A1C0-493A-B57C-D3C65FA70C13}.Release|iPhoneSimulator.ActiveCfg = Release|Any CPU
		{5D6A861C-A1C0-493A-B57C-D3C65FA70C13}.Release|iPhoneSimulator.Build.0 = Release|Any CPU
		{9C3AEB25-DF97-49B8-8322-67344843441D}.Debug|Any CPU.ActiveCfg = Debug|Any CPU
		{9C3AEB25-DF97-49B8-8322-67344843441D}.Debug|Any CPU.Build.0 = Debug|Any CPU
		{9C3AEB25-DF97-49B8-8322-67344843441D}.Debug|iPhone.ActiveCfg = Debug|Any CPU
		{9C3AEB25-DF97-49B8-8322-67344843441D}.Debug|iPhone.Build.0 = Debug|Any CPU
		{9C3AEB25-DF97-49B8-8322-67344843441D}.Debug|iPhoneSimulator.ActiveCfg = Debug|Any CPU
		{9C3AEB25-DF97-49B8-8322-67344843441D}.Debug|iPhoneSimulator.Build.0 = Debug|Any CPU
		{9C3AEB25-DF97-49B8-8322-67344843441D}.Release|Any CPU.ActiveCfg = Release|Any CPU
		{9C3AEB25-DF97-49B8-8322-67344843441D}.Release|Any CPU.Build.0 = Release|Any CPU
		{9C3AEB25-DF97-49B8-8322-67344843441D}.Release|iPhone.ActiveCfg = Release|Any CPU
		{9C3AEB25-DF97-49B8-8322-67344843441D}.Release|iPhone.Build.0 = Release|Any CPU
		{9C3AEB25-DF97-49B8-8322-67344843441D}.Release|iPhoneSimulator.ActiveCfg = Release|Any CPU
		{9C3AEB25-DF97-49B8-8322-67344843441D}.Release|iPhoneSimulator.Build.0 = Release|Any CPU
	EndGlobalSection
	GlobalSection(SolutionProperties) = preSolution
		HideSolutionNode = FALSE
	EndGlobalSection
	GlobalSection(ExtensibilityGlobals) = postSolution
		SolutionGuid = {C27BA668-B470-4007-A5F2-6E5659A7BA86}
	EndGlobalSection
EndGlobal
